
Microsoft Visual Studio Solution File, Format Version 12.00
# Visual Studio Version 16
VisualStudioVersion = 16.0.29215.179
MinimumVisualStudioVersion = 10.0.40219.1
Project("{8BC9CEB8-8B4A-11D0-8D11-00A0C91BC942}") = "DX12Engine", "DX12Engine.vcxproj", "{AC705A99-4756-44BA-978A-898E7CDEC416}"
EndProject
Global
	GlobalSection(SolutionConfigurationPlatforms) = preSolution
		Debug|x64 = Debug|x64
		Debug|x86 = Debug|x86
		Release|x64 = Release|x64
		Release|x86 = Release|x86
	EndGlobalSection
	GlobalSection(ProjectConfigurationPlatforms) = postSolution
		{AC705A99-4756-44BA-978A-898E7CDEC416}.Debug|x64.ActiveCfg = Debug|x64
		{AC705A99-4756-44BA-978A-898E7CDEC416}.Debug|x64.Build.0 = Debug|x64
		{AC705A99-4756-44BA-978A-898E7CDEC416}.Debug|x86.ActiveCfg = Debug|Win32
		{AC705A99-4756-44BA-978A-898E7CDEC416}.Debug|x86.Build.0 = Debug|Win32
		{AC705A99-4756-44BA-978A-898E7CDEC416}.Release|x64.ActiveCfg = Release|x64
		{AC705A99-4756-44BA-978A-898E7CDEC416}.Release|x64.Build.0 = Release|x64
		{AC705A99-4756-44BA-978A-898E7CDEC416}.Release|x86.ActiveCfg = Release|Win32
		{AC705A99-4756-44BA-978A-898E7CDEC416}.Release|x86.Build.0 = Release|Win32
	EndGlobalSection
	GlobalSection(SolutionProperties) = preSolution
		HideSolutionNode = FALSE
	EndGlobalSection
	GlobalSection(ExtensibilityGlobals) = postSolution
		SolutionGuid = {E41D6DDC-C044-4407-951C-7D60034CFDCE}
	EndGlobalSection
EndGlobal
